// !$*UTF8*$!
{
	archiveVersion = 1;
	classes = {
	};
	objectVersion = 50;
	objects = {

/* Begin PBXBuildFile section */
		0EE1B7EA23994656002F4BB8 /* AppDelegate.swift in Sources */ = {isa = PBXBuildFile; fileRef = 0EE1B7E923994656002F4BB8 /* AppDelegate.swift */; };
		0EE1B7EC23994656002F4BB8 /* SceneDelegate.swift in Sources */ = {isa = PBXBuildFile; fileRef = 0EE1B7EB23994656002F4BB8 /* SceneDelegate.swift */; };
		0EE1B7EE23994656002F4BB8 /* ViewController.swift in Sources */ = {isa = PBXBuildFile; fileRef = 0EE1B7ED23994656002F4BB8 /* ViewController.swift */; };
		0EE1B7F123994656002F4BB8 /* Main.storyboard in Resources */ = {isa = PBXBuildFile; fileRef = 0EE1B7EF23994656002F4BB8 /* Main.storyboard */; };
		0EE1B7F323994659002F4BB8 /* Assets.xcassets in Resources */ = {isa = PBXBuildFile; fileRef = 0EE1B7F223994659002F4BB8 /* Assets.xcassets */; };
		0EE1B7F623994659002F4BB8 /* LaunchScreen.storyboard in Resources */ = {isa = PBXBuildFile; fileRef = 0EE1B7F423994659002F4BB8 /* LaunchScreen.storyboard */; };
/* End PBXBuildFile section */

/* Begin PBXFileReference section */
		0EE1B7E623994656002F4BB8 /* SpriteKitPhysicsBodyDemo.app */ = {isa = PBXFileReference; explicitFileType = wrapper.application; includeInIndex = 0; path = SpriteKitPhysicsBodyDemo.app; sourceTree = BUILT_PRODUCTS_DIR; };
		0EE1B7E923994656002F4BB8 /* AppDelegate.swift */ = {isa = PBXFileReference; lastKnownFileType = sourcecode.swift; path = AppDelegate.swift; sourceTree = "<group>"; };
		0EE1B7EB23994656002F4BB8 /* SceneDelegate.swift */ = {isa = PBXFileReference; lastKnownFileType = sourcecode.swift; path = SceneDelegate.swift; sourceTree = "<group>"; };
		0EE1B7ED23994656002F4BB8 /* ViewController.swift */ = {isa = PBXFileReference; lastKnownFileType = sourcecode.swift; path = ViewController.swift; sourceTree = "<group>"; };
		0EE1B7F023994656002F4BB8 /* Base */ = {isa = PBXFileReference; lastKnownFileType = file.storyboard; name = Base; path = Base.lproj/Main.storyboard; sourceTree = "<group>"; };
		0EE1B7F223994659002F4BB8 /* Assets.xcassets */ = {isa = PBXFileReference; lastKnownFileType = folder.assetcatalog; path = Assets.xcassets; sourceTree = "<group>"; };
		0EE1B7F523994659002F4BB8 /* Base */ = {isa = PBXFileReference; lastKnownFileType = file.storyboard; name = Base; path = Base.lproj/LaunchScreen.storyboard; sourceTree = "<group>"; };
		0EE1B7F723994659002F4BB8 /* Info.plist */ = {isa = PBXFileReference; lastKnownFileType = text.plist.xml; path = Info.plist; sourceTree = "<group>"; };
		0EE1B7FE2399469B002F4BB8 /* Physics.playground */ = {isa = PBXFileReference; lastKnownFileType = file.playground; path = Physics.playground; sourceTree = "<group>"; xcLanguageSpecificationIdentifier = xcode.lang.swift; };
/* End PBXFileReference section */

/* Begin PBXFrameworksBuildPhase section */
		0EE1B7E323994656002F4BB8 /* Frameworks */ = {
			isa = PBXFrameworksBuildPhase;
			buildActionMask = 2147483647;
			files = (
			);
			runOnlyForDeploymentPostprocessing = 0;
		};
/* End PBXFrameworksBuildPhase section */

/* Begin PBXGroup section */
		0EE1B7DD23994656002F4BB8 = {
			isa = PBXGroup;
			children = (
				0EE1B7FD2399466B002F4BB8 /* Playgrounds */,
				0EE1B7E823994656002F4BB8 /* SpriteKitPhysicsBodyDemo */,
				0EE1B7E723994656002F4BB8 /* Products */,
			);
			sourceTree = "<group>";
		};
		0EE1B7E723994656002F4BB8 /* Products */ = {
			isa = PBXGroup;
			children = (
				0EE1B7E623994656002F4BB8 /* SpriteKitPhysicsBodyDemo.app */,
			);
			name = Products;
			sourceTree = "<group>";
		};
		0EE1B7E823994656002F4BB8 /* SpriteKitPhysicsBodyDemo */ = {
			isa = PBXGroup;
			children = (
				0EE1B7E923994656002F4BB8 /* AppDelegate.swift */,
				0EE1B7EB23994656002F4BB8 /* SceneDelegate.swift */,
				0EE1B7ED23994656002F4BB8 /* ViewController.swift */,
				0EE1B7EF23994656002F4BB8 /* Main.storyboard */,
				0EE1B7F223994659002F4BB8 /* Assets.xcassets */,
				0EE1B7F423994659002F4BB8 /* LaunchScreen.storyboard */,
				0EE1B7F723994659002F4BB8 /* Info.plist */,
			);
			path = SpriteKitPhysicsBodyDemo;
			sourceTree = "<group>";
		};
		0EE1B7FD2399466B002F4BB8 /* Playgrounds */ = {
			isa = PBXGroup;
			children = (
				0EE1B7FE2399469B002F4BB8 /* Physics.playground */,
			);
			path = Playgrounds;
			sourceTree = "<group>";
		};
/* End PBXGroup section */

/* Begin PBXNativeTarget section */
		0EE1B7E523994656002F4BB8 /* SpriteKitPhysicsBodyDemo */ = {
			isa = PBXNativeTarget;
			buildConfigurationList = 0EE1B7FA23994659002F4BB8 /* Build configuration list for PBXNativeTarget "SpriteKitPhysicsBodyDemo" */;
			buildPhases = (
				0EE1B7E223994656002F4BB8 /* Sources */,
				0EE1B7E323994656002F4BB8 /* Frameworks */,
				0EE1B7E423994656002F4BB8 /* Resources */,
			);
			buildRules = (
			);
			dependencies = (
			);
			name = SpriteKitPhysicsBodyDemo;
			productName = SpriteKitPhysicsBodyDemo;
			productReference = 0EE1B7E623994656002F4BB8 /* SpriteKitPhysicsBodyDemo.app */;
			productType = "com.apple.product-type.application";
		};
/* End PBXNativeTarget section */

/* Begin PBXProject section */
		0EE1B7DE23994656002F4BB8 /* Project object */ = {
			isa = PBXProject;
			attributes = {
				LastSwiftUpdateCheck = 1120;
				LastUpgradeCheck = 1120;
				ORGANIZATIONNAME = "Gordon, Russell";
				TargetAttributes = {
					0EE1B7E523994656002F4BB8 = {
						CreatedOnToolsVersion = 11.2.1;
					};
				};
			};
			buildConfigurationList = 0EE1B7E123994656002F4BB8 /* Build configuration list for PBXProject "SpriteKitPhysicsBodyDemo" */;
			compatibilityVersion = "Xcode 9.3";
			developmentRegion = en;
			hasScannedForEncodings = 0;
			knownRegions = (
				en,
				Base,
			);
			mainGroup = 0EE1B7DD23994656002F4BB8;
			productRefGroup = 0EE1B7E723994656002F4BB8 /* Products */;
			projectDirPath = "";
			projectRoot = "";
			targets = (
				0EE1B7E523994656002F4BB8 /* SpriteKitPhysicsBodyDemo */,
			);
		};
/* End PBXProject section */

/* Begin PBXResourcesBuildPhase section */
		0EE1B7E423994656002F4BB8 /* Resources */ = {
			isa = PBXResourcesBuildPhase;
			buildActionMask = 2147483647;
			files = (
				0EE1B7F623994659002F4BB8 /* LaunchScreen.storyboard in Resources */,
				0EE1B7F323994659002F4BB8 /* Assets.xcassets in Resources */,
				0EE1B7F123994656002F4BB8 /* Main.storyboard in Resources */,
			);
			runOnlyForDeploymentPostprocessing = 0;
		};
/* End PBXResourcesBuildPhase section */

/* Begin PBXSourcesBuildPhase section */
		0EE1B7E223994656002F4BB8 /* Sources */ = {
			isa = PBXSourcesBuildPhase;
			buildActionMask = 2147483647;
			files = (
				0EE1B7EE23994656002F4BB8 /* ViewController.swift in Sources */,
				0EE1B7EA23994656002F4BB8 /* AppDelegate.swift in Sources */,
				0EE1B7EC23994656002F4BB8 /* SceneDelegate.swift in Sources */,
			);
			runOnlyForDeploymentPostprocessing = 0;
		};
/* End PBXSourcesBuildPhase section */

/* Begin PBXVariantGroup section */
		0EE1B7EF23994656002F4BB8 /* Main.storyboard */ = {
			isa = PBXVariantGroup;
			children = (
				0EE1B7F023994656002F4BB8 /* Base */,
			);
			name = Main.storyboard;
			sourceTree = "<group>";
		};
		0EE1B7F423994659002F4BB8 /* LaunchScreen.storyboard */ = {
			isa = PBXVariantGroup;
			children = (
				0EE1B7F523994659002F4BB8 /* Base */,
			);
			name = LaunchScreen.storyboard;
			sourceTree = "<group>";
		};
/* End PBXVariantGroup section */

/* Begin XCBuildConfiguration section */
		0EE1B7F823994659002F4BB8 /* Debug */ = {
			isa = XCBuildConfiguration;
			buildSettings = {
				ALWAYS_SEARCH_USER_PATHS = NO;
				CLANG_ANALYZER_NONNULL = YES;
				CLANG_ANALYZER_NUMBER_OBJECT_CONVERSION = YES_AGGRESSIVE;
				CLANG_CXX_LANGUAGE_STANDARD = "gnu++14";
				CLANG_CXX_LIBRARY = "libc++";
				CLANG_ENABLE_MODULES = YES;
				CLANG_ENABLE_OBJC_ARC = YES;
				CLANG_ENABLE_OBJC_WEAK = YES;
				CLANG_WARN_BLOCK_CAPTURE_AUTORELEASING = YES;
				CLANG_WARN_BOOL_CONVERSION = YES;
				CLANG_WARN_COMMA = YES;
				CLANG_WARN_CONSTANT_CONVERSION = YES;
				CLANG_WARN_DEPRECATED_OBJC_IMPLEMENTATIONS = YES;
				CLANG_WARN_DIRECT_OBJC_ISA_USAGE = YES_ERROR;
				CLANG_WARN_DOCUMENTATION_COMMENTS = YES;
				CLANG_WARN_EMPTY_BODY = YES;
				CLANG_WARN_ENUM_CONVERSION = YES;
				CLANG_WARN_INFINITE_RECURSION = YES;
				CLANG_WARN_INT_CONVERSION = YES;
				CLANG_WARN_NON_LITERAL_NULL_CONVERSION = YES;
				CLANG_WARN_OBJC_IMPLICIT_RETAIN_SELF = YES;
				CLANG_WARN_OBJC_LITERAL_CONVERSION = YES;
				CLANG_WARN_OBJC_ROOT_CLASS = YES_ERROR;
				CLANG_WARN_RANGE_LOOP_ANALYSIS = YES;
				CLANG_WARN_STRICT_PROTOTYPES = YES;
				CLANG_WARN_SUSPICIOUS_MOVE = YES;
				CLANG_WARN_UNGUARDED_AVAILABILITY = YES_AGGRESSIVE;
				CLANG_WARN_UNREACHABLE_CODE = YES;
				CLANG_WARN__DUPLICATE_METHOD_MATCH = YES;
				COPY_PHASE_STRIP = NO;
				DEBUG_INFORMATION_FORMAT = dwarf;
				ENABLE_STRICT_OBJC_MSGSEND = YES;
				ENABLE_TESTABILITY = YES;
				GCC_C_LANGUAGE_STANDARD = gnu11;
				GCC_DYNAMIC_NO_PIC = NO;
				GCC_NO_COMMON_BLOCKS = YES;
				GCC_OPTIMIZATION_LEVEL = 0;
				GCC_PREPROCESSOR_DEFINITIONS = (
					"DEBUG=1",
					"$(inherited)",
				);
				GCC_WARN_64_TO_32_BIT_CONVERSION = YES;
				GCC_WARN_ABOUT_RETURN_TYPE = YES_ERROR;
				GCC_WARN_UNDECLARED_SELECTOR = YES;
				GCC_WARN_UNINITIALIZED_AUTOS = YES_AGGRESSIVE;
				GCC_WARN_UNUSED_FUNCTION = YES;
				GCC_WARN_UNUSED_VARIABLE = YES;
				IPHONEOS_DEPLOYMENT_TARGET = 13.2;
				MTL_ENABLE_DEBUG_INFO = INCLUDE_SOURCE;
				MTL_FAST_MATH = YES;
				ONLY_ACTIVE_ARCH = YES;
				SDKROOT = iphoneos;
				SWIFT_ACTIVE_COMPILATION_CONDITIONS = DEBUG;
				SWIFT_OPTIMIZATION_LEVEL = "-Onone";
			};
			name = Debug;
		};
		0EE1B7F923994659002F4BB8 /* Release */ = {
			isa = XCBuildConfiguration;
			buildSettings = {
				ALWAYS_SEARCH_USER_PATHS = NO;
				CLANG_ANALYZER_NONNULL = YES;
				CLANG_ANALYZER_NUMBER_OBJECT_CONVERSION = YES_AGGRESSIVE;
				CLANG_CXX_LANGUAGE_STANDARD = "gnu++14";
				CLANG_CXX_LIBRARY = "libc++";
				CLANG_ENABLE_MODULES = YES;
				CLANG_ENABLE_OBJC_ARC = YES;
				CLANG_ENABLE_OBJC_WEAK = YES;
				CLANG_WARN_BLOCK_CAPTURE_AUTORELEASING = YES;
				CLANG_WARN_BOOL_CONVERSION = YES;
				CLANG_WARN_COMMA = YES;
				CLANG_WARN_CONSTANT_CONVERSION = YES;
				CLANG_WARN_DEPRECATED_OBJC_IMPLEMENTATIONS = YES;
				CLANG_WARN_DIRECT_OBJC_ISA_USAGE = YES_ERROR;
				CLANG_WARN_DOCUMENTATION_COMMENTS = YES;
				CLANG_WARN_EMPTY_BODY = YES;
				CLANG_WARN_ENUM_CONVERSION = YES;
				CLANG_WARN_INFINITE_RECURSION = YES;
				CLANG_WARN_INT_CONVERSION = YES;
				CLANG_WARN_NON_LITERAL_NULL_CONVERSION = YES;
				CLANG_WARN_OBJC_IMPLICIT_RETAIN_SELF = YES;
				CLANG_WARN_OBJC_LITERAL_CONVERSION = YES;
				CLANG_WARN_OBJC_ROOT_CLASS = YES_ERROR;
				CLANG_WARN_RANGE_LOOP_ANALYSIS = YES;
				CLANG_WARN_STRICT_PROTOTYPES = YES;
				CLANG_WARN_SUSPICIOUS_MOVE = YES;
				CLANG_WARN_UNGUARDED_AVAILABILITY = YES_AGGRESSIVE;
				CLANG_WARN_UNREACHABLE_CODE = YES;
				CLANG_WARN__DUPLICATE_METHOD_MATCH = YES;
				COPY_PHASE_STRIP = NO;
				DEBUG_INFORMATION_FORMAT = "dwarf-with-dsym";
				ENABLE_NS_ASSERTIONS = NO;
				ENABLE_STRICT_OBJC_MSGSEND = YES;
				GCC_C_LANGUAGE_STANDARD = gnu11;
				GCC_NO_COMMON_BLOCKS = YES;
				GCC_WARN_64_TO_32_BIT_CONVERSION = YES;
				GCC_WARN_ABOUT_RETURN_TYPE = YES_ERROR;
				GCC_WARN_UNDECLARED_SELECTOR = YES;
				GCC_WARN_UNINITIALIZED_AUTOS = YES_AGGRESSIVE;
				GCC_WARN_UNUSED_FUNCTION = YES;
				GCC_WARN_UNUSED_VARIABLE = YES;
				IPHONEOS_DEPLOYMENT_TARGET = 13.2;
				MTL_ENABLE_DEBUG_INFO = NO;
				MTL_FAST_MATH = YES;
				SDKROOT = iphoneos;
				SWIFT_COMPILATION_MODE = wholemodule;
				SWIFT_OPTIMIZATION_LEVEL = "-O";
				VALIDATE_PRODUCT = YES;
			};
			name = Release;
		};
		0EE1B7FB23994659002F4BB8 /* Debug */ = {
			isa = XCBuildConfiguration;
			buildSettings = {
				ASSETCATALOG_COMPILER_APPICON_NAME = AppIcon;
				CODE_SIGN_STYLE = Automatic;
				DEVELOPMENT_TEAM = U2ZN2W2UQJ;
				INFOPLIST_FILE = SpriteKitPhysicsBodyDemo/Info.plist;
				LD_RUNPATH_SEARCH_PATHS = (
					"$(inherited)",
					"@executable_path/Frameworks",
				);
				PRODUCT_BUNDLE_IDENTIFIER = ca.russellgordon.SpriteKitPhysicsBodyDemo;
				PRODUCT_NAME = "$(TARGET_NAME)";
				SWIFT_VERSION = 5.0;
				TARGETED_DEVICE_FAMILY = "1,2";
			};
			name = Debug;
		};
		0EE1B7FC23994659002F4BB8 /* Release */ = {
			isa = XCBuildConfiguration;
			buildSettings = {
				ASSETCATALOG_COMPILER_APPICON_NAME = AppIcon;
				CODE_SIGN_STYLE = Automatic;
				DEVELOPMENT_TEAM = U2ZN2W2UQJ;
				INFOPLIST_FILE = SpriteKitPhysicsBodyDemo/Info.plist;
				LD_RUNPATH_SEARCH_PATHS = (
					"$(inherited)",
					"@executable_path/Frameworks",
				);
				PRODUCT_BUNDLE_IDENTIFIER = ca.russellgordon.SpriteKitPhysicsBodyDemo;
				PRODUCT_NAME = "$(TARGET_NAME)";
				SWIFT_VERSION = 5.0;
				TARGETED_DEVICE_FAMILY = "1,2";
			};
			name = Release;
		};
/* End XCBuildConfiguration section */

/* Begin XCConfigurationList section */
		0EE1B7E123994656002F4BB8 /* Build configuration list for PBXProject "SpriteKitPhysicsBodyDemo" */ = {
			isa = XCConfigurationList;
			buildConfigurations = (
				0EE1B7F823994659002F4BB8 /* Debug */,
				0EE1B7F923994659002F4BB8 /* Release */,
			);
			defaultConfigurationIsVisible = 0;
			defaultConfigurationName = Release;
		};
		0EE1B7FA23994659002F4BB8 /* Build configuration list for PBXNativeTarget "SpriteKitPhysicsBodyDemo" */ = {
			isa = XCConfigurationList;
			buildConfigurations = (
				0EE1B7FB23994659002F4BB8 /* Debug */,
				0EE1B7FC23994659002F4BB8 /* Release */,
			);
			defaultConfigurationIsVisible = 0;
			defaultConfigurationName = Release;
		};
/* End XCConfigurationList section */
	};
	rootObject = 0EE1B7DE23994656002F4BB8 /* Project object */;
}
